PODS:
  - KikBank (0.0.1):
    - RxSwift (~> 4.0)
  - Nimble (7.0.3)
  - Quick (1.2.0)
  - RxSwift (4.1.2)

DEPENDENCIES:
  - KikBank (from `../`)
  - Nimble (~> 7.0.2)
  - Quick (~> 1.2.0)

EXTERNAL SOURCES:
  KikBank:
    :path: ../

SPEC CHECKSUMS:
  KikBank: c94640669e9bdd176bb0e83704e2d446c51e38a5
  Nimble: 7f5a9c447a33002645a071bddafbfb24ea70e0ac
  Quick: 58d203b1c5e27fff7229c4c1ae445ad7069a7a08
  RxSwift: e49536837d9901277638493ea537394d4b55f570

PODFILE CHECKSUM: dd66293b40cf6542ee669321b1e2adf82be08a27

COCOAPODS: 1.4.0
