PODS:
  - KikBank (0.1.3):
    - RxSwift (~> 4.0)
  - RxCocoa (4.1.2):
    - RxSwift (~> 4.0)
  - RxSwift (4.1.2)

DEPENDENCIES:
  - KikBank (from `../`)
  - RxCocoa (~> 4.0)

EXTERNAL SOURCES:
  KikBank:
    :path: ../

SPEC CHECKSUMS:
  KikBank: 958982313619a6e2b3281602646ca69b2c07fb9b
  RxCocoa: d88ba0f1f6abf040011a9eb4b539324fc426843a
  RxSwift: e49536837d9901277638493ea537394d4b55f570

PODFILE CHECKSUM: eb3ab726d2fa3f6689f944f2ce97e591c281aae2

COCOAPODS: 1.4.0
